
Microsoft Visual Studio Solution File, Format Version 12.00
# Visual Studio Version 16
VisualStudioVersion = 16.0.31410.357
MinimumVisualStudioVersion = 10.0.40219.1
Project("{8BC9CEB8-8B4A-11D0-8D11-00A0C91BC942}") = "Huffman_endPoint", "Huffman_endPoint.vcxproj", "{67944AA8-54E2-4918-A045-43B91D8B42F8}"
EndProject
Global
	GlobalSection(SolutionConfigurationPlatforms) = preSolution
		Debug|x64 = Debug|x64
		Debug|x86 = Debug|x86
		Release|x64 = Release|x64
		Release|x86 = Release|x86
	EndGlobalSection
	GlobalSection(ProjectConfigurationPlatforms) = postSolution
		{67944AA8-54E2-4918-A045-43B91D8B42F8}.Debug|x64.ActiveCfg = Debug|x64
		{67944AA8-54E2-4918-A045-43B91D8B42F8}.Debug|x64.Build.0 = Debug|x64
		{67944AA8-54E2-4918-A045-43B91D8B42F8}.Debug|x86.ActiveCfg = Debug|Win32
		{67944AA8-54E2-4918-A045-43B91D8B42F8}.Debug|x86.Build.0 = Debug|Win32
		{67944AA8-54E2-4918-A045-43B91D8B42F8}.Release|x64.ActiveCfg = Release|x64
		{67944AA8-54E2-4918-A045-43B91D8B42F8}.Release|x64.Build.0 = Release|x64
		{67944AA8-54E2-4918-A045-43B91D8B42F8}.Release|x86.ActiveCfg = Release|Win32
		{67944AA8-54E2-4918-A045-43B91D8B42F8}.Release|x86.Build.0 = Release|Win32
	EndGlobalSection
	GlobalSection(SolutionProperties) = preSolution
		HideSolutionNode = FALSE
	EndGlobalSection
	GlobalSection(ExtensibilityGlobals) = postSolution
		SolutionGuid = {CE242701-3C8D-4A23-9A72-951FA7DDF911}
	EndGlobalSection
EndGlobal
